
Microsoft Visual Studio Solution File, Format Version 12.00
# Visual Studio Version 17
VisualStudioVersion = 17.3.32929.385
MinimumVisualStudioVersion = 10.0.40219.1
Project("{FAE04EC0-301F-11D3-BF4B-00C04F79EFBC}") = "BlazorInAngular.Web", "BlazorInAngular.Web\BlazorInAngular.Web.csproj", "{48C8286C-7727-412B-8CF4-4DF419B8FFC0}"
EndProject
Project("{FAE04EC0-301F-11D3-BF4B-00C04F79EFBC}") = "BlazorInAngular.ComponentsLib", "BlazorInAngular.ComponentsLib\BlazorInAngular.ComponentsLib.csproj", "{1D078F1C-37C3-4784-8811-99F950C0A167}"
EndProject
Global
	GlobalSection(SolutionConfigurationPlatforms) = preSolution
		Debug|Any CPU = Debug|Any CPU
		Release|Any CPU = Release|Any CPU
	EndGlobalSection
	GlobalSection(ProjectConfigurationPlatforms) = postSolution
		{48C8286C-7727-412B-8CF4-4DF419B8FFC0}.Debug|Any CPU.ActiveCfg = Debug|Any CPU
		{48C8286C-7727-412B-8CF4-4DF419B8FFC0}.Debug|Any CPU.Build.0 = Debug|Any CPU
		{48C8286C-7727-412B-8CF4-4DF419B8FFC0}.Release|Any CPU.ActiveCfg = Release|Any CPU
		{48C8286C-7727-412B-8CF4-4DF419B8FFC0}.Release|Any CPU.Build.0 = Release|Any CPU
		{1D078F1C-37C3-4784-8811-99F950C0A167}.Debug|Any CPU.ActiveCfg = Debug|Any CPU
		{1D078F1C-37C3-4784-8811-99F950C0A167}.Debug|Any CPU.Build.0 = Debug|Any CPU
		{1D078F1C-37C3-4784-8811-99F950C0A167}.Release|Any CPU.ActiveCfg = Release|Any CPU
		{1D078F1C-37C3-4784-8811-99F950C0A167}.Release|Any CPU.Build.0 = Release|Any CPU
	EndGlobalSection
	GlobalSection(SolutionProperties) = preSolution
		HideSolutionNode = FALSE
	EndGlobalSection
	GlobalSection(ExtensibilityGlobals) = postSolution
		SolutionGuid = {C04EF53C-4EF7-4E5A-8DB5-69CE9C9E38DF}
	EndGlobalSection
EndGlobal
